
Microsoft Visual Studio Solution File, Format Version 12.00
# Visual Studio Version 17
VisualStudioVersion = 17.4.33103.184
MinimumVisualStudioVersion = 10.0.40219.1
Project("{9A19103F-16F7-4668-BE54-9A1E7A4F7556}") = "DS4MapperTest", "DS4MapperTest\DS4MapperTest.csproj", "{0F0078E5-7A1D-4450-A8AC-70859D4D1802}"
EndProject
Global
	GlobalSection(SolutionConfigurationPlatforms) = preSolution
		Debug|x64 = Debug|x64
		Release|x64 = Release|x64
	EndGlobalSection
	GlobalSection(ProjectConfigurationPlatforms) = postSolution
		{0F0078E5-7A1D-4450-A8AC-70859D4D1802}.Debug|x64.ActiveCfg = Debug|x64
		{0F0078E5-7A1D-4450-A8AC-70859D4D1802}.Debug|x64.Build.0 = Debug|x64
		{0F0078E5-7A1D-4450-A8AC-70859D4D1802}.Release|x64.ActiveCfg = Release|x64
		{0F0078E5-7A1D-4450-A8AC-70859D4D1802}.Release|x64.Build.0 = Release|x64
	EndGlobalSection
	GlobalSection(SolutionProperties) = preSolution
		HideSolutionNode = FALSE
	EndGlobalSection
	GlobalSection(ExtensibilityGlobals) = postSolution
		SolutionGuid = {09481E4F-E87E-447D-B86E-07BAA15A5FD8}
	EndGlobalSection
EndGlobal
